
Microsoft Visual Studio Solution File, Format Version 12.00
# Visual Studio 14
VisualStudioVersion = 14.0.23107.0
MinimumVisualStudioVersion = 10.0.40219.1
Project("{FAE04EC0-301F-11D3-BF4B-00C04F79EFBC}") = "YahtzeeTeerling", "YahtzeeTeerling\YahtzeeTeerling.csproj", "{D3C8D07D-9747-43B9-8565-DE41FA80873F}"
EndProject
Global
	GlobalSection(SolutionConfigurationPlatforms) = preSolution
		Debug|Any CPU = Debug|Any CPU
		Release|Any CPU = Release|Any CPU
	EndGlobalSection
	GlobalSection(ProjectConfigurationPlatforms) = postSolution
		{D3C8D07D-9747-43B9-8565-DE41FA80873F}.Debug|Any CPU.ActiveCfg = Debug|Any CPU
		{D3C8D07D-9747-43B9-8565-DE41FA80873F}.Debug|Any CPU.Build.0 = Debug|Any CPU
		{D3C8D07D-9747-43B9-8565-DE41FA80873F}.Release|Any CPU.ActiveCfg = Release|Any CPU
		{D3C8D07D-9747-43B9-8565-DE41FA80873F}.Release|Any CPU.Build.0 = Release|Any CPU
	EndGlobalSection
	GlobalSection(SolutionProperties) = preSolution
		HideSolutionNode = FALSE
	EndGlobalSection
EndGlobal
